{
    "_meta": {
        "hash": {
            "sha256": "c56163e5d7abe4192c963808463022b6f9129d0d3636c2d0d70655b21aac3539"
        },
        "pipfile-spec": 6,
        "requires": {
            "python_version": "3.8"
        },
        "sources": [
            {
                "name": "pypi",
                "url": "https://pypi.org/simple",
                "verify_ssl": true
            }
        ]
    },
    "default": {
        "tinydb": {
            "hashes": [
                "sha256:1b8d7308ba2fe6d582c6ae69f33c62013053939f7ab8d1787b1e15950566a202",
                "sha256:68eb9d1b32931ea657319c7dff70c0d735fc10ecbde29c824a2a5e1333b8ed49"
            ],
            "index": "pypi",
            "version": "==4.1.1"
        }
    },
    "develop": {}
}
